// !$*UTF8*$!
{
	archiveVersion = 1;
	classes = {
	};
	objectVersion = 77;
	objects = {

/* Begin PBXBuildFile section */
		7706F7B12CF9DC810023D7EA /* StoryFeedViewModel.swift in Sources */ = {isa = PBXBuildFile; fileRef = 7706F7B02CF9DC810023D7EA /* StoryFeedViewModel.swift */; };
		7706F7B52CF9DCC20023D7EA /* AlgoliaService.swift in Sources */ = {isa = PBXBuildFile; fileRef = 7706F7B42CF9DCC20023D7EA /* AlgoliaService.swift */; };
		7706F7B72CF9DCDC0023D7EA /* AlgoliaEndpoint.swift in Sources */ = {isa = PBXBuildFile; fileRef = 7706F7B62CF9DCDC0023D7EA /* AlgoliaEndpoint.swift */; };
		7706F8492CFE027A0023D7EA /* Story.swift in Sources */ = {isa = PBXBuildFile; fileRef = 7706F8482CFE027A0023D7EA /* Story.swift */; };
		7706F84D2CFE15000023D7EA /* Utils.swift in Sources */ = {isa = PBXBuildFile; fileRef = 7706F84C2CFE14FE0023D7EA /* Utils.swift */; };
		7706F8502CFE15F90023D7EA /* mocked_stories.json in Resources */ = {isa = PBXBuildFile; fileRef = 7706F84F2CFE15F20023D7EA /* mocked_stories.json */; };
		7706F8522CFE1AD10023D7EA /* mocked_empty_stories.json in Resources */ = {isa = PBXBuildFile; fileRef = 7706F8512CFE1AC80023D7EA /* mocked_empty_stories.json */; };
		7706F8542CFE589E0023D7EA /* ModelContext+insertIfNotExisting.swift in Sources */ = {isa = PBXBuildFile; fileRef = 7706F8532CFE587F0023D7EA /* ModelContext+insertIfNotExisting.swift */; };
		775EE9F82CFEA98B000E6A44 /* WebView.swift in Sources */ = {isa = PBXBuildFile; fileRef = 775EE9F72CFEA98A000E6A44 /* WebView.swift */; };
		77CC28682CF8D61A007BC6FA /* Preview Assets.xcassets in Resources */ = {isa = PBXBuildFile; fileRef = 77CC285F2CF8D61A007BC6FA /* Preview Assets.xcassets */; };
		77CC28692CF8D61A007BC6FA /* Assets.xcassets in Resources */ = {isa = PBXBuildFile; fileRef = 77CC28612CF8D61A007BC6FA /* Assets.xcassets */; };
		77CC286A2CF8D61A007BC6FA /* StoryDTO.swift in Sources */ = {isa = PBXBuildFile; fileRef = 77CC285D2CF8D61A007BC6FA /* StoryDTO.swift */; };
		77CC286B2CF8D61A007BC6FA /* ApplyDigitalApp.swift in Sources */ = {isa = PBXBuildFile; fileRef = 77CC28652CF8D61A007BC6FA /* ApplyDigitalApp.swift */; };
		77CC286C2CF8D61A007BC6FA /* StoryFeedView.swift in Sources */ = {isa = PBXBuildFile; fileRef = 77CC28662CF8D61A007BC6FA /* StoryFeedView.swift */; };
		77CC286F2CF8D623007BC6FA /* ApplyDigitalTests.swift in Sources */ = {isa = PBXBuildFile; fileRef = 77CC286D2CF8D623007BC6FA /* ApplyDigitalTests.swift */; };
		77CC28732CF8D625007BC6FA /* ApplyDigitalUITests.swift in Sources */ = {isa = PBXBuildFile; fileRef = 77CC28702CF8D625007BC6FA /* ApplyDigitalUITests.swift */; };
		77CC28742CF8D625007BC6FA /* ApplyDigitalUITestsLaunchTests.swift in Sources */ = {isa = PBXBuildFile; fileRef = 77CC28712CF8D625007BC6FA /* ApplyDigitalUITestsLaunchTests.swift */; };
/* End PBXBuildFile section */

/* Begin PBXContainerItemProxy section */
		77CC283B2CF8CCC7007BC6FA /* PBXContainerItemProxy */ = {
			isa = PBXContainerItemProxy;
			containerPortal = 77CC28222CF8CCC3007BC6FA /* Project object */;
			proxyType = 1;
			remoteGlobalIDString = 77CC28292CF8CCC3007BC6FA;
			remoteInfo = ApplyDigital;
		};
		77CC28452CF8CCC7007BC6FA /* PBXContainerItemProxy */ = {
			isa = PBXContainerItemProxy;
			containerPortal = 77CC28222CF8CCC3007BC6FA /* Project object */;
			proxyType = 1;
			remoteGlobalIDString = 77CC28292CF8CCC3007BC6FA;
			remoteInfo = ApplyDigital;
		};
/* End PBXContainerItemProxy section */

/* Begin PBXFileReference section */
		7706F7B02CF9DC810023D7EA /* StoryFeedViewModel.swift */ = {isa = PBXFileReference; lastKnownFileType = sourcecode.swift; path = StoryFeedViewModel.swift; sourceTree = "<group>"; };
		7706F7B42CF9DCC20023D7EA /* AlgoliaService.swift */ = {isa = PBXFileReference; lastKnownFileType = sourcecode.swift; path = AlgoliaService.swift; sourceTree = "<group>"; };
		7706F7B62CF9DCDC0023D7EA /* AlgoliaEndpoint.swift */ = {isa = PBXFileReference; lastKnownFileType = sourcecode.swift; path = AlgoliaEndpoint.swift; sourceTree = "<group>"; };
		7706F8482CFE027A0023D7EA /* Story.swift */ = {isa = PBXFileReference; lastKnownFileType = sourcecode.swift; path = Story.swift; sourceTree = "<group>"; };
		7706F84C2CFE14FE0023D7EA /* Utils.swift */ = {isa = PBXFileReference; lastKnownFileType = sourcecode.swift; path = Utils.swift; sourceTree = "<group>"; };
		7706F84F2CFE15F20023D7EA /* mocked_stories.json */ = {isa = PBXFileReference; lastKnownFileType = text.json; path = mocked_stories.json; sourceTree = "<group>"; };
		7706F8512CFE1AC80023D7EA /* mocked_empty_stories.json */ = {isa = PBXFileReference; lastKnownFileType = text.json; path = mocked_empty_stories.json; sourceTree = "<group>"; };
		7706F8532CFE587F0023D7EA /* ModelContext+insertIfNotExisting.swift */ = {isa = PBXFileReference; lastKnownFileType = sourcecode.swift; path = "ModelContext+insertIfNotExisting.swift"; sourceTree = "<group>"; };
		775EE9F72CFEA98A000E6A44 /* WebView.swift */ = {isa = PBXFileReference; lastKnownFileType = sourcecode.swift; path = WebView.swift; sourceTree = "<group>"; };
		77CC282A2CF8CCC3007BC6FA /* ApplyDigital.app */ = {isa = PBXFileReference; explicitFileType = wrapper.application; includeInIndex = 0; path = ApplyDigital.app; sourceTree = BUILT_PRODUCTS_DIR; };
		77CC283A2CF8CCC7007BC6FA /* ApplyDigitalTests.xctest */ = {isa = PBXFileReference; explicitFileType = wrapper.cfbundle; includeInIndex = 0; path = ApplyDigitalTests.xctest; sourceTree = BUILT_PRODUCTS_DIR; };
		77CC28442CF8CCC7007BC6FA /* ApplyDigitalUITests.xctest */ = {isa = PBXFileReference; explicitFileType = wrapper.cfbundle; includeInIndex = 0; path = ApplyDigitalUITests.xctest; sourceTree = BUILT_PRODUCTS_DIR; };
		77CC285D2CF8D61A007BC6FA /* StoryDTO.swift */ = {isa = PBXFileReference; lastKnownFileType = sourcecode.swift; path = StoryDTO.swift; sourceTree = "<group>"; };
		77CC285F2CF8D61A007BC6FA /* Preview Assets.xcassets */ = {isa = PBXFileReference; lastKnownFileType = folder.assetcatalog; path = "Preview Assets.xcassets"; sourceTree = "<group>"; };
		77CC28612CF8D61A007BC6FA /* Assets.xcassets */ = {isa = PBXFileReference; lastKnownFileType = folder.assetcatalog; path = Assets.xcassets; sourceTree = "<group>"; };
		77CC28652CF8D61A007BC6FA /* ApplyDigitalApp.swift */ = {isa = PBXFileReference; lastKnownFileType = sourcecode.swift; path = ApplyDigitalApp.swift; sourceTree = "<group>"; };
		77CC28662CF8D61A007BC6FA /* StoryFeedView.swift */ = {isa = PBXFileReference; lastKnownFileType = sourcecode.swift; path = StoryFeedView.swift; sourceTree = "<group>"; };
		77CC286D2CF8D623007BC6FA /* ApplyDigitalTests.swift */ = {isa = PBXFileReference; lastKnownFileType = sourcecode.swift; path = ApplyDigitalTests.swift; sourceTree = "<group>"; };
		77CC28702CF8D625007BC6FA /* ApplyDigitalUITests.swift */ = {isa = PBXFileReference; lastKnownFileType = sourcecode.swift; path = ApplyDigitalUITests.swift; sourceTree = "<group>"; };
		77CC28712CF8D625007BC6FA /* ApplyDigitalUITestsLaunchTests.swift */ = {isa = PBXFileReference; lastKnownFileType = sourcecode.swift; path = ApplyDigitalUITestsLaunchTests.swift; sourceTree = "<group>"; };
/* End PBXFileReference section */

/* Begin PBXFrameworksBuildPhase section */
		77CC28272CF8CCC3007BC6FA /* Frameworks */ = {
			isa = PBXFrameworksBuildPhase;
			buildActionMask = 2147483647;
			files = (
			);
			runOnlyForDeploymentPostprocessing = 0;
		};
		77CC28372CF8CCC7007BC6FA /* Frameworks */ = {
			isa = PBXFrameworksBuildPhase;
			buildActionMask = 2147483647;
			files = (
			);
			runOnlyForDeploymentPostprocessing = 0;
		};
		77CC28412CF8CCC7007BC6FA /* Frameworks */ = {
			isa = PBXFrameworksBuildPhase;
			buildActionMask = 2147483647;
			files = (
			);
			runOnlyForDeploymentPostprocessing = 0;
		};
/* End PBXFrameworksBuildPhase section */

/* Begin PBXGroup section */
		7706F7B22CF9DCAD0023D7EA /* Network */ = {
			isa = PBXGroup;
			children = (
				7706F7B62CF9DCDC0023D7EA /* AlgoliaEndpoint.swift */,
				7706F7B42CF9DCC20023D7EA /* AlgoliaService.swift */,
			);
			path = Network;
			sourceTree = "<group>";
		};
		7706F84E2CFE15E60023D7EA /* Sample data */ = {
			isa = PBXGroup;
			children = (
				7706F8512CFE1AC80023D7EA /* mocked_empty_stories.json */,
				7706F84F2CFE15F20023D7EA /* mocked_stories.json */,
			);
			path = "Sample data";
			sourceTree = "<group>";
		};
		77CC28212CF8CCC3007BC6FA = {
			isa = PBXGroup;
			children = (
				77CC28672CF8D61A007BC6FA /* ApplyDigital */,
				77CC286E2CF8D623007BC6FA /* ApplyDigitalTests */,
				77CC28722CF8D625007BC6FA /* ApplyDigitalUITests */,
				77CC282B2CF8CCC3007BC6FA /* Products */,
			);
			sourceTree = "<group>";
		};
		77CC282B2CF8CCC3007BC6FA /* Products */ = {
			isa = PBXGroup;
			children = (
				77CC282A2CF8CCC3007BC6FA /* ApplyDigital.app */,
				77CC283A2CF8CCC7007BC6FA /* ApplyDigitalTests.xctest */,
				77CC28442CF8CCC7007BC6FA /* ApplyDigitalUITests.xctest */,
			);
			name = Products;
			sourceTree = "<group>";
		};
		77CC285E2CF8D61A007BC6FA /* Model */ = {
			isa = PBXGroup;
			children = (
				7706F8482CFE027A0023D7EA /* Story.swift */,
				77CC285D2CF8D61A007BC6FA /* StoryDTO.swift */,
			);
			path = Model;
			sourceTree = "<group>";
		};
		77CC28602CF8D61A007BC6FA /* Preview Content */ = {
			isa = PBXGroup;
			children = (
				77CC285F2CF8D61A007BC6FA /* Preview Assets.xcassets */,
			);
			path = "Preview Content";
			sourceTree = "<group>";
		};
		77CC28622CF8D61A007BC6FA /* Resources */ = {
			isa = PBXGroup;
			children = (
				77CC28612CF8D61A007BC6FA /* Assets.xcassets */,
				77CC28602CF8D61A007BC6FA /* Preview Content */,
				7706F84E2CFE15E60023D7EA /* Sample data */,
			);
			path = Resources;
			sourceTree = "<group>";
		};
		77CC28632CF8D61A007BC6FA /* View */ = {
			isa = PBXGroup;
			children = (
				77CC28662CF8D61A007BC6FA /* StoryFeedView.swift */,
				775EE9F72CFEA98A000E6A44 /* WebView.swift */,
			);
			path = View;
			sourceTree = "<group>";
		};
		77CC28642CF8D61A007BC6FA /* ViewModel */ = {
			isa = PBXGroup;
			children = (
				7706F7B02CF9DC810023D7EA /* StoryFeedViewModel.swift */,
			);
			path = ViewModel;
			sourceTree = "<group>";
		};
		77CC28672CF8D61A007BC6FA /* ApplyDigital */ = {
			isa = PBXGroup;
			children = (
				7706F8532CFE587F0023D7EA /* ModelContext+insertIfNotExisting.swift */,
				77CC28652CF8D61A007BC6FA /* ApplyDigitalApp.swift */,
				7706F84C2CFE14FE0023D7EA /* Utils.swift */,
				77CC285E2CF8D61A007BC6FA /* Model */,
				7706F7B22CF9DCAD0023D7EA /* Network */,
				77CC28622CF8D61A007BC6FA /* Resources */,
				77CC28632CF8D61A007BC6FA /* View */,
				77CC28642CF8D61A007BC6FA /* ViewModel */,
			);
			path = ApplyDigital;
			sourceTree = "<group>";
		};
		77CC286E2CF8D623007BC6FA /* ApplyDigitalTests */ = {
			isa = PBXGroup;
			children = (
				77CC286D2CF8D623007BC6FA /* ApplyDigitalTests.swift */,
			);
			path = ApplyDigitalTests;
			sourceTree = "<group>";
		};
		77CC28722CF8D625007BC6FA /* ApplyDigitalUITests */ = {
			isa = PBXGroup;
			children = (
				77CC28702CF8D625007BC6FA /* ApplyDigitalUITests.swift */,
				77CC28712CF8D625007BC6FA /* ApplyDigitalUITestsLaunchTests.swift */,
			);
			path = ApplyDigitalUITests;
			sourceTree = "<group>";
		};
/* End PBXGroup section */

/* Begin PBXNativeTarget section */
		77CC28292CF8CCC3007BC6FA /* ApplyDigital */ = {
			isa = PBXNativeTarget;
			buildConfigurationList = 77CC284E2CF8CCC7007BC6FA /* Build configuration list for PBXNativeTarget "ApplyDigital" */;
			buildPhases = (
				77CC28262CF8CCC3007BC6FA /* Sources */,
				77CC28272CF8CCC3007BC6FA /* Frameworks */,
				77CC28282CF8CCC3007BC6FA /* Resources */,
				7706F8082CF9E1E40023D7EA /* Run SwiftLint */,
			);
			buildRules = (
			);
			dependencies = (
			);
			name = ApplyDigital;
			packageProductDependencies = (
			);
			productName = ApplyDigital;
			productReference = 77CC282A2CF8CCC3007BC6FA /* ApplyDigital.app */;
			productType = "com.apple.product-type.application";
		};
		77CC28392CF8CCC7007BC6FA /* ApplyDigitalTests */ = {
			isa = PBXNativeTarget;
			buildConfigurationList = 77CC28512CF8CCC7007BC6FA /* Build configuration list for PBXNativeTarget "ApplyDigitalTests" */;
			buildPhases = (
				77CC28362CF8CCC7007BC6FA /* Sources */,
				77CC28372CF8CCC7007BC6FA /* Frameworks */,
				77CC28382CF8CCC7007BC6FA /* Resources */,
			);
			buildRules = (
			);
			dependencies = (
				77CC283C2CF8CCC7007BC6FA /* PBXTargetDependency */,
			);
			name = ApplyDigitalTests;
			packageProductDependencies = (
			);
			productName = ApplyDigitalTests;
			productReference = 77CC283A2CF8CCC7007BC6FA /* ApplyDigitalTests.xctest */;
			productType = "com.apple.product-type.bundle.unit-test";
		};
		77CC28432CF8CCC7007BC6FA /* ApplyDigitalUITests */ = {
			isa = PBXNativeTarget;
			buildConfigurationList = 77CC28542CF8CCC7007BC6FA /* Build configuration list for PBXNativeTarget "ApplyDigitalUITests" */;
			buildPhases = (
				77CC28402CF8CCC7007BC6FA /* Sources */,
				77CC28412CF8CCC7007BC6FA /* Frameworks */,
				77CC28422CF8CCC7007BC6FA /* Resources */,
			);
			buildRules = (
			);
			dependencies = (
				77CC28462CF8CCC7007BC6FA /* PBXTargetDependency */,
			);
			name = ApplyDigitalUITests;
			packageProductDependencies = (
			);
			productName = ApplyDigitalUITests;
			productReference = 77CC28442CF8CCC7007BC6FA /* ApplyDigitalUITests.xctest */;
			productType = "com.apple.product-type.bundle.ui-testing";
		};
/* End PBXNativeTarget section */

/* Begin PBXProject section */
		77CC28222CF8CCC3007BC6FA /* Project object */ = {
			isa = PBXProject;
			attributes = {
				BuildIndependentTargetsInParallel = 1;
				LastSwiftUpdateCheck = 1600;
				LastUpgradeCheck = 1600;
				TargetAttributes = {
					77CC28292CF8CCC3007BC6FA = {
						CreatedOnToolsVersion = 16.0;
					};
					77CC28392CF8CCC7007BC6FA = {
						CreatedOnToolsVersion = 16.0;
						TestTargetID = 77CC28292CF8CCC3007BC6FA;
					};
					77CC28432CF8CCC7007BC6FA = {
						CreatedOnToolsVersion = 16.0;
						TestTargetID = 77CC28292CF8CCC3007BC6FA;
					};
				};
			};
			buildConfigurationList = 77CC28252CF8CCC3007BC6FA /* Build configuration list for PBXProject "ApplyDigital" */;
			developmentRegion = en;
			hasScannedForEncodings = 0;
			knownRegions = (
				en,
				Base,
			);
			mainGroup = 77CC28212CF8CCC3007BC6FA;
			minimizedProjectReferenceProxies = 1;
			preferredProjectObjectVersion = 77;
			productRefGroup = 77CC282B2CF8CCC3007BC6FA /* Products */;
			projectDirPath = "";
			projectRoot = "";
			targets = (
				77CC28292CF8CCC3007BC6FA /* ApplyDigital */,
				77CC28392CF8CCC7007BC6FA /* ApplyDigitalTests */,
				77CC28432CF8CCC7007BC6FA /* ApplyDigitalUITests */,
			);
		};
/* End PBXProject section */

/* Begin PBXResourcesBuildPhase section */
		77CC28282CF8CCC3007BC6FA /* Resources */ = {
			isa = PBXResourcesBuildPhase;
			buildActionMask = 2147483647;
			files = (
				77CC28682CF8D61A007BC6FA /* Preview Assets.xcassets in Resources */,
				7706F8522CFE1AD10023D7EA /* mocked_empty_stories.json in Resources */,
				7706F8502CFE15F90023D7EA /* mocked_stories.json in Resources */,
				77CC28692CF8D61A007BC6FA /* Assets.xcassets in Resources */,
			);
			runOnlyForDeploymentPostprocessing = 0;
		};
		77CC28382CF8CCC7007BC6FA /* Resources */ = {
			isa = PBXResourcesBuildPhase;
			buildActionMask = 2147483647;
			files = (
			);
			runOnlyForDeploymentPostprocessing = 0;
		};
		77CC28422CF8CCC7007BC6FA /* Resources */ = {
			isa = PBXResourcesBuildPhase;
			buildActionMask = 2147483647;
			files = (
			);
			runOnlyForDeploymentPostprocessing = 0;
		};
/* End PBXResourcesBuildPhase section */

/* Begin PBXShellScriptBuildPhase section */
		7706F8082CF9E1E40023D7EA /* Run SwiftLint */ = {
			isa = PBXShellScriptBuildPhase;
			alwaysOutOfDate = 1;
			buildActionMask = 2147483647;
			files = (
			);
			inputFileListPaths = (
			);
			inputPaths = (
			);
			name = "Run SwiftLint";
			outputFileListPaths = (
			);
			outputPaths = (
			);
			runOnlyForDeploymentPostprocessing = 0;
			shellPath = /bin/sh;
			shellScript = "if [[ \"$(uname -m)\" == arm64 ]]; then\n    export PATH=\"/opt/homebrew/bin:$PATH\"\nfi\n\nif which swiftlint > /dev/null; then\n  swiftlint\nelse\n  echo \"warning: SwiftLint not installed, download from https://github.com/realm/SwiftLint\"\nfi\n";
		};
/* End PBXShellScriptBuildPhase section */

/* Begin PBXSourcesBuildPhase section */
		77CC28262CF8CCC3007BC6FA /* Sources */ = {
			isa = PBXSourcesBuildPhase;
			buildActionMask = 2147483647;
			files = (
				7706F8492CFE027A0023D7EA /* Story.swift in Sources */,
				775EE9F82CFEA98B000E6A44 /* WebView.swift in Sources */,
				7706F7B72CF9DCDC0023D7EA /* AlgoliaEndpoint.swift in Sources */,
				7706F7B12CF9DC810023D7EA /* StoryFeedViewModel.swift in Sources */,
				7706F8542CFE589E0023D7EA /* ModelContext+insertIfNotExisting.swift in Sources */,
				77CC286A2CF8D61A007BC6FA /* StoryDTO.swift in Sources */,
				7706F7B52CF9DCC20023D7EA /* AlgoliaService.swift in Sources */,
				77CC286B2CF8D61A007BC6FA /* ApplyDigitalApp.swift in Sources */,
				77CC286C2CF8D61A007BC6FA /* StoryFeedView.swift in Sources */,
				7706F84D2CFE15000023D7EA /* Utils.swift in Sources */,
			);
			runOnlyForDeploymentPostprocessing = 0;
		};
		77CC28362CF8CCC7007BC6FA /* Sources */ = {
			isa = PBXSourcesBuildPhase;
			buildActionMask = 2147483647;
			files = (
				77CC286F2CF8D623007BC6FA /* ApplyDigitalTests.swift in Sources */,
			);
			runOnlyForDeploymentPostprocessing = 0;
		};
		77CC28402CF8CCC7007BC6FA /* Sources */ = {
			isa = PBXSourcesBuildPhase;
			buildActionMask = 2147483647;
			files = (
				77CC28732CF8D625007BC6FA /* ApplyDigitalUITests.swift in Sources */,
				77CC28742CF8D625007BC6FA /* ApplyDigitalUITestsLaunchTests.swift in Sources */,
			);
			runOnlyForDeploymentPostprocessing = 0;
		};
/* End PBXSourcesBuildPhase section */

/* Begin PBXTargetDependency section */
		77CC283C2CF8CCC7007BC6FA /* PBXTargetDependency */ = {
			isa = PBXTargetDependency;
			target = 77CC28292CF8CCC3007BC6FA /* ApplyDigital */;
			targetProxy = 77CC283B2CF8CCC7007BC6FA /* PBXContainerItemProxy */;
		};
		77CC28462CF8CCC7007BC6FA /* PBXTargetDependency */ = {
			isa = PBXTargetDependency;
			target = 77CC28292CF8CCC3007BC6FA /* ApplyDigital */;
			targetProxy = 77CC28452CF8CCC7007BC6FA /* PBXContainerItemProxy */;
		};
/* End PBXTargetDependency section */

/* Begin XCBuildConfiguration section */
		77CC284C2CF8CCC7007BC6FA /* Debug */ = {
			isa = XCBuildConfiguration;
			buildSettings = {
				ALWAYS_SEARCH_USER_PATHS = NO;
				ASSETCATALOG_COMPILER_GENERATE_SWIFT_ASSET_SYMBOL_EXTENSIONS = YES;
				CLANG_ANALYZER_NONNULL = YES;
				CLANG_ANALYZER_NUMBER_OBJECT_CONVERSION = YES_AGGRESSIVE;
				CLANG_CXX_LANGUAGE_STANDARD = "gnu++20";
				CLANG_ENABLE_MODULES = YES;
				CLANG_ENABLE_OBJC_ARC = YES;
				CLANG_ENABLE_OBJC_WEAK = YES;
				CLANG_WARN_BLOCK_CAPTURE_AUTORELEASING = YES;
				CLANG_WARN_BOOL_CONVERSION = YES;
				CLANG_WARN_COMMA = YES;
				CLANG_WARN_CONSTANT_CONVERSION = YES;
				CLANG_WARN_DEPRECATED_OBJC_IMPLEMENTATIONS = YES;
				CLANG_WARN_DIRECT_OBJC_ISA_USAGE = YES_ERROR;
				CLANG_WARN_DOCUMENTATION_COMMENTS = YES;
				CLANG_WARN_EMPTY_BODY = YES;
				CLANG_WARN_ENUM_CONVERSION = YES;
				CLANG_WARN_INFINITE_RECURSION = YES;
				CLANG_WARN_INT_CONVERSION = YES;
				CLANG_WARN_NON_LITERAL_NULL_CONVERSION = YES;
				CLANG_WARN_OBJC_IMPLICIT_RETAIN_SELF = YES;
				CLANG_WARN_OBJC_LITERAL_CONVERSION = YES;
				CLANG_WARN_OBJC_ROOT_CLASS = YES_ERROR;
				CLANG_WARN_QUOTED_INCLUDE_IN_FRAMEWORK_HEADER = YES;
				CLANG_WARN_RANGE_LOOP_ANALYSIS = YES;
				CLANG_WARN_STRICT_PROTOTYPES = YES;
				CLANG_WARN_SUSPICIOUS_MOVE = YES;
				CLANG_WARN_UNGUARDED_AVAILABILITY = YES_AGGRESSIVE;
				CLANG_WARN_UNREACHABLE_CODE = YES;
				CLANG_WARN__DUPLICATE_METHOD_MATCH = YES;
				COPY_PHASE_STRIP = NO;
				DEBUG_INFORMATION_FORMAT = dwarf;
				ENABLE_STRICT_OBJC_MSGSEND = YES;
				ENABLE_TESTABILITY = YES;
				ENABLE_USER_SCRIPT_SANDBOXING = YES;
				GCC_C_LANGUAGE_STANDARD = gnu17;
				GCC_DYNAMIC_NO_PIC = NO;
				GCC_NO_COMMON_BLOCKS = YES;
				GCC_OPTIMIZATION_LEVEL = 0;
				GCC_PREPROCESSOR_DEFINITIONS = (
					"DEBUG=1",
					"$(inherited)",
				);
				GCC_WARN_64_TO_32_BIT_CONVERSION = YES;
				GCC_WARN_ABOUT_RETURN_TYPE = YES_ERROR;
				GCC_WARN_UNDECLARED_SELECTOR = YES;
				GCC_WARN_UNINITIALIZED_AUTOS = YES_AGGRESSIVE;
				GCC_WARN_UNUSED_FUNCTION = YES;
				GCC_WARN_UNUSED_VARIABLE = YES;
				IPHONEOS_DEPLOYMENT_TARGET = 18.0;
				LOCALIZATION_PREFERS_STRING_CATALOGS = YES;
				MTL_ENABLE_DEBUG_INFO = INCLUDE_SOURCE;
				MTL_FAST_MATH = YES;
				ONLY_ACTIVE_ARCH = YES;
				SDKROOT = iphoneos;
				SWIFT_ACTIVE_COMPILATION_CONDITIONS = "DEBUG $(inherited)";
				SWIFT_OPTIMIZATION_LEVEL = "-Onone";
			};
			name = Debug;
		};
		77CC284D2CF8CCC7007BC6FA /* Release */ = {
			isa = XCBuildConfiguration;
			buildSettings = {
				ALWAYS_SEARCH_USER_PATHS = NO;
				ASSETCATALOG_COMPILER_GENERATE_SWIFT_ASSET_SYMBOL_EXTENSIONS = YES;
				CLANG_ANALYZER_NONNULL = YES;
				CLANG_ANALYZER_NUMBER_OBJECT_CONVERSION = YES_AGGRESSIVE;
				CLANG_CXX_LANGUAGE_STANDARD = "gnu++20";
				CLANG_ENABLE_MODULES = YES;
				CLANG_ENABLE_OBJC_ARC = YES;
				CLANG_ENABLE_OBJC_WEAK = YES;
				CLANG_WARN_BLOCK_CAPTURE_AUTORELEASING = YES;
				CLANG_WARN_BOOL_CONVERSION = YES;
				CLANG_WARN_COMMA = YES;
				CLANG_WARN_CONSTANT_CONVERSION = YES;
				CLANG_WARN_DEPRECATED_OBJC_IMPLEMENTATIONS = YES;
				CLANG_WARN_DIRECT_OBJC_ISA_USAGE = YES_ERROR;
				CLANG_WARN_DOCUMENTATION_COMMENTS = YES;
				CLANG_WARN_EMPTY_BODY = YES;
				CLANG_WARN_ENUM_CONVERSION = YES;
				CLANG_WARN_INFINITE_RECURSION = YES;
				CLANG_WARN_INT_CONVERSION = YES;
				CLANG_WARN_NON_LITERAL_NULL_CONVERSION = YES;
				CLANG_WARN_OBJC_IMPLICIT_RETAIN_SELF = YES;
				CLANG_WARN_OBJC_LITERAL_CONVERSION = YES;
				CLANG_WARN_OBJC_ROOT_CLASS = YES_ERROR;
				CLANG_WARN_QUOTED_INCLUDE_IN_FRAMEWORK_HEADER = YES;
				CLANG_WARN_RANGE_LOOP_ANALYSIS = YES;
				CLANG_WARN_STRICT_PROTOTYPES = YES;
				CLANG_WARN_SUSPICIOUS_MOVE = YES;
				CLANG_WARN_UNGUARDED_AVAILABILITY = YES_AGGRESSIVE;
				CLANG_WARN_UNREACHABLE_CODE = YES;
				CLANG_WARN__DUPLICATE_METHOD_MATCH = YES;
				COPY_PHASE_STRIP = NO;
				DEBUG_INFORMATION_FORMAT = "dwarf-with-dsym";
				ENABLE_NS_ASSERTIONS = NO;
				ENABLE_STRICT_OBJC_MSGSEND = YES;
				ENABLE_USER_SCRIPT_SANDBOXING = YES;
				GCC_C_LANGUAGE_STANDARD = gnu17;
				GCC_NO_COMMON_BLOCKS = YES;
				GCC_WARN_64_TO_32_BIT_CONVERSION = YES;
				GCC_WARN_ABOUT_RETURN_TYPE = YES_ERROR;
				GCC_WARN_UNDECLARED_SELECTOR = YES;
				GCC_WARN_UNINITIALIZED_AUTOS = YES_AGGRESSIVE;
				GCC_WARN_UNUSED_FUNCTION = YES;
				GCC_WARN_UNUSED_VARIABLE = YES;
				IPHONEOS_DEPLOYMENT_TARGET = 18.0;
				LOCALIZATION_PREFERS_STRING_CATALOGS = YES;
				MTL_ENABLE_DEBUG_INFO = NO;
				MTL_FAST_MATH = YES;
				SDKROOT = iphoneos;
				SWIFT_COMPILATION_MODE = wholemodule;
				VALIDATE_PRODUCT = YES;
			};
			name = Release;
		};
		77CC284F2CF8CCC7007BC6FA /* Debug */ = {
			isa = XCBuildConfiguration;
			buildSettings = {
				ASSETCATALOG_COMPILER_APPICON_NAME = AppIcon;
				ASSETCATALOG_COMPILER_GLOBAL_ACCENT_COLOR_NAME = AccentColor;
				CODE_SIGN_STYLE = Automatic;
				CURRENT_PROJECT_VERSION = 1;
				DEVELOPMENT_ASSET_PATHS = "\"ApplyDigital/Resources/Preview Content\"";
				DEVELOPMENT_TEAM = KZF3ZN3AUT;
				ENABLE_PREVIEWS = YES;
				ENABLE_USER_SCRIPT_SANDBOXING = NO;
				GENERATE_INFOPLIST_FILE = YES;
				INFOPLIST_KEY_UIApplicationSceneManifest_Generation = YES;
				INFOPLIST_KEY_UIApplicationSupportsIndirectInputEvents = YES;
				INFOPLIST_KEY_UILaunchScreen_Generation = YES;
				INFOPLIST_KEY_UISupportedInterfaceOrientations_iPad = "UIInterfaceOrientationPortrait UIInterfaceOrientationPortraitUpsideDown UIInterfaceOrientationLandscapeLeft UIInterfaceOrientationLandscapeRight";
				INFOPLIST_KEY_UISupportedInterfaceOrientations_iPhone = "UIInterfaceOrientationPortrait UIInterfaceOrientationLandscapeLeft UIInterfaceOrientationLandscapeRight";
				IPHONEOS_DEPLOYMENT_TARGET = 17.6;
				LD_RUNPATH_SEARCH_PATHS = (
					"$(inherited)",
					"@executable_path/Frameworks",
				);
				MARKETING_VERSION = 1.0;
				PRODUCT_BUNDLE_IDENTIFIER = CarolLopes.ApplyDigital;
				PRODUCT_NAME = "$(TARGET_NAME)";
				SWIFT_EMIT_LOC_STRINGS = YES;
				SWIFT_VERSION = 6.0;
				TARGETED_DEVICE_FAMILY = "1,2";
			};
			name = Debug;
		};
		77CC28502CF8CCC7007BC6FA /* Release */ = {
			isa = XCBuildConfiguration;
			buildSettings = {
				ASSETCATALOG_COMPILER_APPICON_NAME = AppIcon;
				ASSETCATALOG_COMPILER_GLOBAL_ACCENT_COLOR_NAME = AccentColor;
				CODE_SIGN_STYLE = Automatic;
				CURRENT_PROJECT_VERSION = 1;
				DEVELOPMENT_ASSET_PATHS = "\"ApplyDigital/Resources/Preview Content\"";
				DEVELOPMENT_TEAM = KZF3ZN3AUT;
				ENABLE_PREVIEWS = YES;
				ENABLE_USER_SCRIPT_SANDBOXING = NO;
				GENERATE_INFOPLIST_FILE = YES;
				INFOPLIST_KEY_UIApplicationSceneManifest_Generation = YES;
				INFOPLIST_KEY_UIApplicationSupportsIndirectInputEvents = YES;
				INFOPLIST_KEY_UILaunchScreen_Generation = YES;
				INFOPLIST_KEY_UISupportedInterfaceOrientations_iPad = "UIInterfaceOrientationPortrait UIInterfaceOrientationPortraitUpsideDown UIInterfaceOrientationLandscapeLeft UIInterfaceOrientationLandscapeRight";
				INFOPLIST_KEY_UISupportedInterfaceOrientations_iPhone = "UIInterfaceOrientationPortrait UIInterfaceOrientationLandscapeLeft UIInterfaceOrientationLandscapeRight";
				IPHONEOS_DEPLOYMENT_TARGET = 17.6;
				LD_RUNPATH_SEARCH_PATHS = (
					"$(inherited)",
					"@executable_path/Frameworks",
				);
				MARKETING_VERSION = 1.0;
				PRODUCT_BUNDLE_IDENTIFIER = CarolLopes.ApplyDigital;
				PRODUCT_NAME = "$(TARGET_NAME)";
				SWIFT_EMIT_LOC_STRINGS = YES;
				SWIFT_VERSION = 6.0;
				TARGETED_DEVICE_FAMILY = "1,2";
			};
			name = Release;
		};
		77CC28522CF8CCC7007BC6FA /* Debug */ = {
			isa = XCBuildConfiguration;
			buildSettings = {
				BUNDLE_LOADER = "$(TEST_HOST)";
				CODE_SIGN_STYLE = Automatic;
				CURRENT_PROJECT_VERSION = 1;
				DEVELOPMENT_TEAM = KZF3ZN3AUT;
				GENERATE_INFOPLIST_FILE = YES;
				IPHONEOS_DEPLOYMENT_TARGET = 18.0;
				MARKETING_VERSION = 1.0;
				PRODUCT_BUNDLE_IDENTIFIER = CarolLopes.ApplyDigitalTests;
				PRODUCT_NAME = "$(TARGET_NAME)";
				SWIFT_EMIT_LOC_STRINGS = NO;
				SWIFT_VERSION = 5.0;
				TARGETED_DEVICE_FAMILY = "1,2";
				TEST_HOST = "$(BUILT_PRODUCTS_DIR)/ApplyDigital.app/$(BUNDLE_EXECUTABLE_FOLDER_PATH)/ApplyDigital";
			};
			name = Debug;
		};
		77CC28532CF8CCC7007BC6FA /* Release */ = {
			isa = XCBuildConfiguration;
			buildSettings = {
				BUNDLE_LOADER = "$(TEST_HOST)";
				CODE_SIGN_STYLE = Automatic;
				CURRENT_PROJECT_VERSION = 1;
				DEVELOPMENT_TEAM = KZF3ZN3AUT;
				GENERATE_INFOPLIST_FILE = YES;
				IPHONEOS_DEPLOYMENT_TARGET = 18.0;
				MARKETING_VERSION = 1.0;
				PRODUCT_BUNDLE_IDENTIFIER = CarolLopes.ApplyDigitalTests;
				PRODUCT_NAME = "$(TARGET_NAME)";
				SWIFT_EMIT_LOC_STRINGS = NO;
				SWIFT_VERSION = 5.0;
				TARGETED_DEVICE_FAMILY = "1,2";
				TEST_HOST = "$(BUILT_PRODUCTS_DIR)/ApplyDigital.app/$(BUNDLE_EXECUTABLE_FOLDER_PATH)/ApplyDigital";
			};
			name = Release;
		};
		77CC28552CF8CCC7007BC6FA /* Debug */ = {
			isa = XCBuildConfiguration;
			buildSettings = {
				CODE_SIGN_STYLE = Automatic;
				CURRENT_PROJECT_VERSION = 1;
				DEVELOPMENT_TEAM = KZF3ZN3AUT;
				GENERATE_INFOPLIST_FILE = YES;
				MARKETING_VERSION = 1.0;
				PRODUCT_BUNDLE_IDENTIFIER = CarolLopes.ApplyDigitalUITests;
				PRODUCT_NAME = "$(TARGET_NAME)";
				SWIFT_EMIT_LOC_STRINGS = NO;
				SWIFT_VERSION = 5.0;
				TARGETED_DEVICE_FAMILY = "1,2";
				TEST_TARGET_NAME = ApplyDigital;
			};
			name = Debug;
		};
		77CC28562CF8CCC7007BC6FA /* Release */ = {
			isa = XCBuildConfiguration;
			buildSettings = {
				CODE_SIGN_STYLE = Automatic;
				CURRENT_PROJECT_VERSION = 1;
				DEVELOPMENT_TEAM = KZF3ZN3AUT;
				GENERATE_INFOPLIST_FILE = YES;
				MARKETING_VERSION = 1.0;
				PRODUCT_BUNDLE_IDENTIFIER = CarolLopes.ApplyDigitalUITests;
				PRODUCT_NAME = "$(TARGET_NAME)";
				SWIFT_EMIT_LOC_STRINGS = NO;
				SWIFT_VERSION = 5.0;
				TARGETED_DEVICE_FAMILY = "1,2";
				TEST_TARGET_NAME = ApplyDigital;
			};
			name = Release;
		};
/* End XCBuildConfiguration section */

/* Begin XCConfigurationList section */
		77CC28252CF8CCC3007BC6FA /* Build configuration list for PBXProject "ApplyDigital" */ = {
			isa = XCConfigurationList;
			buildConfigurations = (
				77CC284C2CF8CCC7007BC6FA /* Debug */,
				77CC284D2CF8CCC7007BC6FA /* Release */,
			);
			defaultConfigurationIsVisible = 0;
			defaultConfigurationName = Release;
		};
		77CC284E2CF8CCC7007BC6FA /* Build configuration list for PBXNativeTarget "ApplyDigital" */ = {
			isa = XCConfigurationList;
			buildConfigurations = (
				77CC284F2CF8CCC7007BC6FA /* Debug */,
				77CC28502CF8CCC7007BC6FA /* Release */,
			);
			defaultConfigurationIsVisible = 0;
			defaultConfigurationName = Release;
		};
		77CC28512CF8CCC7007BC6FA /* Build configuration list for PBXNativeTarget "ApplyDigitalTests" */ = {
			isa = XCConfigurationList;
			buildConfigurations = (
				77CC28522CF8CCC7007BC6FA /* Debug */,
				77CC28532CF8CCC7007BC6FA /* Release */,
			);
			defaultConfigurationIsVisible = 0;
			defaultConfigurationName = Release;
		};
		77CC28542CF8CCC7007BC6FA /* Build configuration list for PBXNativeTarget "ApplyDigitalUITests" */ = {
			isa = XCConfigurationList;
			buildConfigurations = (
				77CC28552CF8CCC7007BC6FA /* Debug */,
				77CC28562CF8CCC7007BC6FA /* Release */,
			);
			defaultConfigurationIsVisible = 0;
			defaultConfigurationName = Release;
		};
/* End XCConfigurationList section */
	};
	rootObject = 77CC28222CF8CCC3007BC6FA /* Project object */;
}
